{
  "name": "react-delver-example",
  "version": "0.0.1",
  "lockfileVersion": 2,
  "requires": true,
  "packages": {
    "": {
      "name": "react-delver-example",
      "version": "0.0.1",
      "license": "MIT",
      "dependencies": {
        "@delver/cli": "../packages/cli",
        "@delver/react": "../packages/react"
      },
      "devDependencies": {
        "prettier": "^2.5.1"
      }
    },
    "..": {
      "version": "0.0.1",
      "license": "MIT",
      "devDependencies": {
        "lerna": "^4.0.0"
      }
    },
    "../packages/cli": {
      "name": "@delver/cli",
      "version": "0.0.6",
      "license": "MIT",
      "dependencies": {
        "@delver/css": "^0.0.6",
        "@delver/logger": "^0.0.6",
        "@delver/react": "^0.0.6",
        "find-up": "^6.3.0",
        "fs-extra": "^10.0.1",
        "glob-promise": "^4.2.2",
        "meow": "^10.1.2"
      },
      "bin": {
        "delve": "bin/cli.js"
      }
    },
    "../packages/core": {
      "name": "@delve/core",
      "version": "0.0.1",
      "extraneous": true,
      "license": "MIT",
      "dependencies": {
        "chalk": "^5.0.1",
        "find-up": "^6.3.0",
        "glob": "^7.2.0",
        "meow": "^10.1.2",
        "prettier": "^2.5.1",
        "ts": "^0.2.2"
      },
      "bin": {
        "delve": "bin/cli.js"
      }
    },
    "../packages/logger": {
      "name": "@delver/logger",
      "version": "0.0.1",
      "extraneous": true,
      "license": "MIT",
      "dependencies": {
        "chalk": "^5.0.1"
      },
      "devDependencies": {
        "@types/node": "^17.0.21",
        "typescript": "^4.6.2"
      }
    },
    "../packages/react": {
      "version": "0.0.6",
      "license": "MIT",
      "dependencies": {
        "typescript": "^4.6.2"
      },
      "devDependencies": {
        "@types/node": "^17.0.21",
        "rimraf": "^3.0.2",
        "rollup": "^2.70.0",
        "rollup-plugin-swc": "^0.2.1"
      }
    },
    "node_modules/@delver/cli": {
      "resolved": "../packages/cli",
      "link": true
    },
    "node_modules/@delver/react": {
      "resolved": "../packages/react",
      "link": true
    },
    "node_modules/prettier": {
      "version": "2.5.1",
      "resolved": "https://registry.npmjs.org/prettier/-/prettier-2.5.1.tgz",
      "integrity": "sha512-vBZcPRUR5MZJwoyi3ZoyQlc1rXeEck8KgeC9AwwOn+exuxLxq5toTRDTSaVrXHxelDMHy9zlicw8u66yxoSUFg==",
      "dev": true,
      "bin": {
        "prettier": "bin-prettier.js"
      },
      "engines": {
        "node": ">=10.13.0"
      }
    }
  },
  "dependencies": {
    "@delver/cli": {
      "version": "file:../packages/cli",
      "requires": {
        "@delver/css": "^0.0.6",
        "@delver/logger": "^0.0.6",
        "@delver/react": "^0.0.6",
        "find-up": "^6.3.0",
        "fs-extra": "^10.0.1",
        "glob-promise": "^4.2.2",
        "meow": "^10.1.2"
      }
    },
    "@delver/react": {
      "version": "file:../packages/react",
      "requires": {
        "@types/node": "^17.0.21",
        "rimraf": "^3.0.2",
        "rollup": "^2.70.0",
        "rollup-plugin-swc": "^0.2.1",
        "typescript": "^4.6.2"
      }
    },
    "prettier": {
      "version": "2.5.1",
      "resolved": "https://registry.npmjs.org/prettier/-/prettier-2.5.1.tgz",
      "integrity": "sha512-vBZcPRUR5MZJwoyi3ZoyQlc1rXeEck8KgeC9AwwOn+exuxLxq5toTRDTSaVrXHxelDMHy9zlicw8u66yxoSUFg==",
      "dev": true
    }
  }
}
